
Microsoft Visual Studio Solution File, Format Version 12.00
# Visual Studio 15
VisualStudioVersion = 15.0.28010.2019
MinimumVisualStudioVersion = 10.0.40219.1
Project("{FAE04EC0-301F-11D3-BF4B-00C04F79EFBC}") = "AspNetCoreApi21", "AspNetCoreApi21\AspNetCoreApi21.csproj", "{A3EAC291-0D70-4907-BB60-23ECD576413C}"
EndProject
Project("{FAE04EC0-301F-11D3-BF4B-00C04F79EFBC}") = "AspNetCoreApi21.Data", "AspNetCoreApi21.Data\AspNetCoreApi21.Data.csproj", "{D6AEC334-3C6D-4B7D-9EBD-3056DCA6A51E}"
EndProject
Global
	GlobalSection(SolutionConfigurationPlatforms) = preSolution
		Debug|Any CPU = Debug|Any CPU
		Release|Any CPU = Release|Any CPU
	EndGlobalSection
	GlobalSection(ProjectConfigurationPlatforms) = postSolution
		{A3EAC291-0D70-4907-BB60-23ECD576413C}.Debug|Any CPU.ActiveCfg = Debug|Any CPU
		{A3EAC291-0D70-4907-BB60-23ECD576413C}.Debug|Any CPU.Build.0 = Debug|Any CPU
		{A3EAC291-0D70-4907-BB60-23ECD576413C}.Release|Any CPU.ActiveCfg = Release|Any CPU
		{A3EAC291-0D70-4907-BB60-23ECD576413C}.Release|Any CPU.Build.0 = Release|Any CPU
		{D6AEC334-3C6D-4B7D-9EBD-3056DCA6A51E}.Debug|Any CPU.ActiveCfg = Debug|Any CPU
		{D6AEC334-3C6D-4B7D-9EBD-3056DCA6A51E}.Debug|Any CPU.Build.0 = Debug|Any CPU
		{D6AEC334-3C6D-4B7D-9EBD-3056DCA6A51E}.Release|Any CPU.ActiveCfg = Release|Any CPU
		{D6AEC334-3C6D-4B7D-9EBD-3056DCA6A51E}.Release|Any CPU.Build.0 = Release|Any CPU
	EndGlobalSection
	GlobalSection(SolutionProperties) = preSolution
		HideSolutionNode = FALSE
	EndGlobalSection
	GlobalSection(ExtensibilityGlobals) = postSolution
		SolutionGuid = {7A1ABFCD-CCBD-4011-8CF9-C443C9AACBC1}
	EndGlobalSection
EndGlobal
